
Microsoft Visual Studio Solution File, Format Version 12.00
# Visual Studio 15
VisualStudioVersion = 15.0.28307.705
MinimumVisualStudioVersion = 10.0.40219.1
Project("{FAE04EC0-301F-11D3-BF4B-00C04F79EFBC}") = "LittleCofeeShopWebApp.WebUI", "LittleCofeeShopWebApp\LittleCofeeShopWebApp.WebUI.csproj", "{6F860844-6B79-4C4A-B4DD-6A6035674079}"
EndProject
Project("{FAE04EC0-301F-11D3-BF4B-00C04F79EFBC}") = "LittleCofeeShopWebApp.Domain", "LittleCofeeShopWebApp.Domain\LittleCofeeShopWebApp.Domain.csproj", "{55AA26A1-BA99-443D-8619-02FA434ADA2D}"
EndProject
Project("{FAE04EC0-301F-11D3-BF4B-00C04F79EFBC}") = "LittleCofeeShopWebApp.Test", "LittleCofeeShopWebApp.Test\LittleCofeeShopWebApp.Test.csproj", "{745C348A-1647-488A-B7D7-5BC48D7CDA5D}"
EndProject
Global
	GlobalSection(SolutionConfigurationPlatforms) = preSolution
		Debug|Any CPU = Debug|Any CPU
		Release|Any CPU = Release|Any CPU
	EndGlobalSection
	GlobalSection(ProjectConfigurationPlatforms) = postSolution
		{6F860844-6B79-4C4A-B4DD-6A6035674079}.Debug|Any CPU.ActiveCfg = Debug|Any CPU
		{6F860844-6B79-4C4A-B4DD-6A6035674079}.Debug|Any CPU.Build.0 = Debug|Any CPU
		{6F860844-6B79-4C4A-B4DD-6A6035674079}.Release|Any CPU.ActiveCfg = Release|Any CPU
		{6F860844-6B79-4C4A-B4DD-6A6035674079}.Release|Any CPU.Build.0 = Release|Any CPU
		{55AA26A1-BA99-443D-8619-02FA434ADA2D}.Debug|Any CPU.ActiveCfg = Debug|Any CPU
		{55AA26A1-BA99-443D-8619-02FA434ADA2D}.Debug|Any CPU.Build.0 = Debug|Any CPU
		{55AA26A1-BA99-443D-8619-02FA434ADA2D}.Release|Any CPU.ActiveCfg = Release|Any CPU
		{55AA26A1-BA99-443D-8619-02FA434ADA2D}.Release|Any CPU.Build.0 = Release|Any CPU
		{745C348A-1647-488A-B7D7-5BC48D7CDA5D}.Debug|Any CPU.ActiveCfg = Debug|Any CPU
		{745C348A-1647-488A-B7D7-5BC48D7CDA5D}.Debug|Any CPU.Build.0 = Debug|Any CPU
		{745C348A-1647-488A-B7D7-5BC48D7CDA5D}.Release|Any CPU.ActiveCfg = Release|Any CPU
		{745C348A-1647-488A-B7D7-5BC48D7CDA5D}.Release|Any CPU.Build.0 = Release|Any CPU
	EndGlobalSection
	GlobalSection(SolutionProperties) = preSolution
		HideSolutionNode = FALSE
	EndGlobalSection
	GlobalSection(ExtensibilityGlobals) = postSolution
		SolutionGuid = {9626C060-29FA-4296-819A-AFAE1525E5D7}
	EndGlobalSection
EndGlobal
